
Microsoft Visual Studio Solution File, Format Version 12.00
# Visual Studio Version 16
VisualStudioVersion = 16.0.29920.165
MinimumVisualStudioVersion = 10.0.40219.1
Project("{9A19103F-16F7-4668-BE54-9A1E7A4F7556}") = "RCCS", "RCCS\RCCS.csproj", "{A06A29D1-3C43-4948-AECB-65E227A923C2}"
EndProject
Project("{9A19103F-16F7-4668-BE54-9A1E7A4F7556}") = "RCCS.DatabaseCitizenResidency", "RCCS.DatabaseCitizenResidency\RCCS.DatabaseCitizenResidency.csproj", "{0F0E1E72-FD3C-4779-9437-7EC1F5207C39}"
EndProject
Project("{9A19103F-16F7-4668-BE54-9A1E7A4F7556}") = "RCCS.DatabaseAPI", "RCCS.DatabaseAPI\RCCS.DatabaseAPI.csproj", "{0933D64C-BB42-457A-9960-35BD336D5FAF}"
EndProject
Project("{9A19103F-16F7-4668-BE54-9A1E7A4F7556}") = "RCCS.DatabaseCitizenResidency.Unit.Tests", "RCCS.DatabaseCitizenResidency.Unit.Tests\RCCS.DatabaseCitizenResidency.Unit.Tests.csproj", "{72EF41D8-62AA-4E1E-85A9-5983712253E6}"
EndProject
Project("{9A19103F-16F7-4668-BE54-9A1E7A4F7556}") = "RCCS.DatabaseUsers", "RCCS.DatabaseUsers\RCCS.DatabaseUsers.csproj", "{AE335BED-BF40-4765-BB39-8C2D583887ED}"
EndProject
Global
	GlobalSection(SolutionConfigurationPlatforms) = preSolution
		Debug|Any CPU = Debug|Any CPU
		Release|Any CPU = Release|Any CPU
	EndGlobalSection
	GlobalSection(ProjectConfigurationPlatforms) = postSolution
		{A06A29D1-3C43-4948-AECB-65E227A923C2}.Debug|Any CPU.ActiveCfg = Debug|Any CPU
		{A06A29D1-3C43-4948-AECB-65E227A923C2}.Debug|Any CPU.Build.0 = Debug|Any CPU
		{A06A29D1-3C43-4948-AECB-65E227A923C2}.Release|Any CPU.ActiveCfg = Release|Any CPU
		{A06A29D1-3C43-4948-AECB-65E227A923C2}.Release|Any CPU.Build.0 = Release|Any CPU
		{0F0E1E72-FD3C-4779-9437-7EC1F5207C39}.Debug|Any CPU.ActiveCfg = Debug|Any CPU
		{0F0E1E72-FD3C-4779-9437-7EC1F5207C39}.Debug|Any CPU.Build.0 = Debug|Any CPU
		{0F0E1E72-FD3C-4779-9437-7EC1F5207C39}.Release|Any CPU.ActiveCfg = Release|Any CPU
		{0F0E1E72-FD3C-4779-9437-7EC1F5207C39}.Release|Any CPU.Build.0 = Release|Any CPU
		{0933D64C-BB42-457A-9960-35BD336D5FAF}.Debug|Any CPU.ActiveCfg = Debug|Any CPU
		{0933D64C-BB42-457A-9960-35BD336D5FAF}.Debug|Any CPU.Build.0 = Debug|Any CPU
		{0933D64C-BB42-457A-9960-35BD336D5FAF}.Release|Any CPU.ActiveCfg = Release|Any CPU
		{0933D64C-BB42-457A-9960-35BD336D5FAF}.Release|Any CPU.Build.0 = Release|Any CPU
		{72EF41D8-62AA-4E1E-85A9-5983712253E6}.Debug|Any CPU.ActiveCfg = Debug|Any CPU
		{72EF41D8-62AA-4E1E-85A9-5983712253E6}.Debug|Any CPU.Build.0 = Debug|Any CPU
		{72EF41D8-62AA-4E1E-85A9-5983712253E6}.Release|Any CPU.ActiveCfg = Release|Any CPU
		{72EF41D8-62AA-4E1E-85A9-5983712253E6}.Release|Any CPU.Build.0 = Release|Any CPU
		{AE335BED-BF40-4765-BB39-8C2D583887ED}.Debug|Any CPU.ActiveCfg = Debug|Any CPU
		{AE335BED-BF40-4765-BB39-8C2D583887ED}.Debug|Any CPU.Build.0 = Debug|Any CPU
		{AE335BED-BF40-4765-BB39-8C2D583887ED}.Release|Any CPU.ActiveCfg = Release|Any CPU
		{AE335BED-BF40-4765-BB39-8C2D583887ED}.Release|Any CPU.Build.0 = Release|Any CPU
	EndGlobalSection
	GlobalSection(SolutionProperties) = preSolution
		HideSolutionNode = FALSE
	EndGlobalSection
	GlobalSection(ExtensibilityGlobals) = postSolution
		SolutionGuid = {09D8C1D4-3E4C-4E29-9C21-C08C72E24B65}
	EndGlobalSection
EndGlobal
